
Microsoft Visual Studio Solution File, Format Version 12.00
# Visual Studio 14
VisualStudioVersion = 14.0.25420.1
MinimumVisualStudioVersion = 10.0.40219.1
Project("{FAE04EC0-301F-11D3-BF4B-00C04F79EFBC}") = "ReverseInteger", "Exercises\ReverseInteger.csproj", "{3FF935EC-D82A-4D8D-87A9-49A880B9F549}"
EndProject
Project("{FAE04EC0-301F-11D3-BF4B-00C04F79EFBC}") = "NumberOfSteps", "NumberOfSteps\NumberOfSteps.csproj", "{7CD64D91-6062-44DB-A993-DAE1F87CA819}"
EndProject
Project("{FAE04EC0-301F-11D3-BF4B-00C04F79EFBC}") = "DecompressRLElist", "DecompressRLElist\DecompressRLElist.csproj", "{EED6A536-3E51-4EBC-827C-0CA22E3DFE79}"
EndProject
Project("{FAE04EC0-301F-11D3-BF4B-00C04F79EFBC}") = "FindEvenNumbers", "FindEvenNumbers\FindEvenNumbers.csproj", "{7AF8888E-976A-4586-8365-D4AE12965F85}"
EndProject
Project("{FAE04EC0-301F-11D3-BF4B-00C04F79EFBC}") = "SmallerNumbersThanCurrent", "SmallerNumbersThanCurrent\SmallerNumbersThanCurrent.csproj", "{75FFC871-EF50-429F-85AB-E7F8348EA276}"
EndProject
Project("{FAE04EC0-301F-11D3-BF4B-00C04F79EFBC}") = "BalancedStringSplit", "BalancedStringSplit\BalancedStringSplit.csproj", "{4EB74AF1-707B-495D-843B-17DDB1EB8E05}"
EndProject
Global
	GlobalSection(SolutionConfigurationPlatforms) = preSolution
		Debug|Any CPU = Debug|Any CPU
		Release|Any CPU = Release|Any CPU
	EndGlobalSection
	GlobalSection(ProjectConfigurationPlatforms) = postSolution
		{3FF935EC-D82A-4D8D-87A9-49A880B9F549}.Debug|Any CPU.ActiveCfg = Debug|Any CPU
		{3FF935EC-D82A-4D8D-87A9-49A880B9F549}.Debug|Any CPU.Build.0 = Debug|Any CPU
		{3FF935EC-D82A-4D8D-87A9-49A880B9F549}.Release|Any CPU.ActiveCfg = Release|Any CPU
		{3FF935EC-D82A-4D8D-87A9-49A880B9F549}.Release|Any CPU.Build.0 = Release|Any CPU
		{7CD64D91-6062-44DB-A993-DAE1F87CA819}.Debug|Any CPU.ActiveCfg = Debug|Any CPU
		{7CD64D91-6062-44DB-A993-DAE1F87CA819}.Debug|Any CPU.Build.0 = Debug|Any CPU
		{7CD64D91-6062-44DB-A993-DAE1F87CA819}.Release|Any CPU.ActiveCfg = Release|Any CPU
		{7CD64D91-6062-44DB-A993-DAE1F87CA819}.Release|Any CPU.Build.0 = Release|Any CPU
		{EED6A536-3E51-4EBC-827C-0CA22E3DFE79}.Debug|Any CPU.ActiveCfg = Debug|Any CPU
		{EED6A536-3E51-4EBC-827C-0CA22E3DFE79}.Debug|Any CPU.Build.0 = Debug|Any CPU
		{EED6A536-3E51-4EBC-827C-0CA22E3DFE79}.Release|Any CPU.ActiveCfg = Release|Any CPU
		{EED6A536-3E51-4EBC-827C-0CA22E3DFE79}.Release|Any CPU.Build.0 = Release|Any CPU
		{7AF8888E-976A-4586-8365-D4AE12965F85}.Debug|Any CPU.ActiveCfg = Debug|Any CPU
		{7AF8888E-976A-4586-8365-D4AE12965F85}.Debug|Any CPU.Build.0 = Debug|Any CPU
		{7AF8888E-976A-4586-8365-D4AE12965F85}.Release|Any CPU.ActiveCfg = Release|Any CPU
		{7AF8888E-976A-4586-8365-D4AE12965F85}.Release|Any CPU.Build.0 = Release|Any CPU
		{75FFC871-EF50-429F-85AB-E7F8348EA276}.Debug|Any CPU.ActiveCfg = Debug|Any CPU
		{75FFC871-EF50-429F-85AB-E7F8348EA276}.Debug|Any CPU.Build.0 = Debug|Any CPU
		{75FFC871-EF50-429F-85AB-E7F8348EA276}.Release|Any CPU.ActiveCfg = Release|Any CPU
		{75FFC871-EF50-429F-85AB-E7F8348EA276}.Release|Any CPU.Build.0 = Release|Any CPU
		{4EB74AF1-707B-495D-843B-17DDB1EB8E05}.Debug|Any CPU.ActiveCfg = Debug|Any CPU
		{4EB74AF1-707B-495D-843B-17DDB1EB8E05}.Debug|Any CPU.Build.0 = Debug|Any CPU
		{4EB74AF1-707B-495D-843B-17DDB1EB8E05}.Release|Any CPU.ActiveCfg = Release|Any CPU
		{4EB74AF1-707B-495D-843B-17DDB1EB8E05}.Release|Any CPU.Build.0 = Release|Any CPU
	EndGlobalSection
	GlobalSection(SolutionProperties) = preSolution
		HideSolutionNode = FALSE
	EndGlobalSection
EndGlobal
